# This file is generated by running "yarn install" inside your project.
# Manual changes might be lost - proceed with caution!

__metadata:
  version: 4
  cacheKey: 8

"@popperjs/core@npm:^2.9.3":
  version: 2.9.3
  resolution: "@popperjs/core@npm:2.9.3"
  checksum: 4cb94c271eaa13416ab8169c6af778c5b6160614351a79c68e8219d6ee0a40b8f71080ca29e139591c7c0c8e08fc1627d0e18d40a64609713a42b58d683a009d
  languageName: node
  linkType: hard

"bootstrap@npm:^5.1.0":
  version: 5.1.0
  resolution: "bootstrap@npm:5.1.0"
  peerDependencies:
    "@popperjs/core": ^2.9.3
  checksum: 1e556b71c47b55f6411f789e6d43986f6a3646875f1bef47ee8b1bc16e5d395e75b275d207d6bda7d9752d0573eb4ee5faecb03ebea17dca6259ac8dd68a6aea
  languageName: node
  linkType: hard

"kirkegaard.wedding@workspace:.":
  version: 0.0.0-use.local
  resolution: "kirkegaard.wedding@workspace:."
  dependencies:
    "@popperjs/core": ^2.9.3
    bootstrap: ^5.1.0
  languageName: unknown
  linkType: soft
